
Microsoft Visual Studio Solution File, Format Version 12.00
# Visual Studio Version 17
VisualStudioVersion = 17.10.34928.147
MinimumVisualStudioVersion = 10.0.40219.1
Project("{9A19103F-16F7-4668-BE54-9A1E7A4F7556}") = "Eventer.API", "Eventer.API\Eventer.API.csproj", "{AA510336-937E-4203-9A11-4F0A838BF228}"
EndProject
Project("{9A19103F-16F7-4668-BE54-9A1E7A4F7556}") = "Eventer.Domain", "Eventer.Domain\Eventer.Domain.csproj", "{79C5AB4B-BFCE-4086-A289-17109763495A}"
EndProject
Project("{9A19103F-16F7-4668-BE54-9A1E7A4F7556}") = "Eventer.Infrastructure", "Eventer.Infrastructure\Eventer.Infrastructure.csproj", "{4E58FB12-BD1B-4110-AE6A-824A8887D521}"
EndProject
Project("{9A19103F-16F7-4668-BE54-9A1E7A4F7556}") = "Eventer.Application", "Eventer.Application\Eventer.Application.csproj", "{0332302F-FFD6-46F7-AFB4-6A158CBE84CE}"
EndProject
Project("{54A90642-561A-4BB1-A94E-469ADEE60C69}") = "Eventer.Client", "Eventer.Client\Eventer.Client.esproj", "{E6568EEA-69D9-4E84-8D6D-61B385963992}"
EndProject
Project("{9A19103F-16F7-4668-BE54-9A1E7A4F7556}") = "Eventer.Tests", "Eventer.Tests\Eventer.Tests.csproj", "{6C6DCE8E-75DD-49D8-9AA7-99C75D01B8F6}"
EndProject
Global
	GlobalSection(SolutionConfigurationPlatforms) = preSolution
		Debug|Any CPU = Debug|Any CPU
		Release|Any CPU = Release|Any CPU
	EndGlobalSection
	GlobalSection(ProjectConfigurationPlatforms) = postSolution
		{AA510336-937E-4203-9A11-4F0A838BF228}.Debug|Any CPU.ActiveCfg = Debug|Any CPU
		{AA510336-937E-4203-9A11-4F0A838BF228}.Debug|Any CPU.Build.0 = Debug|Any CPU
		{AA510336-937E-4203-9A11-4F0A838BF228}.Release|Any CPU.ActiveCfg = Release|Any CPU
		{AA510336-937E-4203-9A11-4F0A838BF228}.Release|Any CPU.Build.0 = Release|Any CPU
		{79C5AB4B-BFCE-4086-A289-17109763495A}.Debug|Any CPU.ActiveCfg = Debug|Any CPU
		{79C5AB4B-BFCE-4086-A289-17109763495A}.Debug|Any CPU.Build.0 = Debug|Any CPU
		{79C5AB4B-BFCE-4086-A289-17109763495A}.Release|Any CPU.ActiveCfg = Release|Any CPU
		{79C5AB4B-BFCE-4086-A289-17109763495A}.Release|Any CPU.Build.0 = Release|Any CPU
		{4E58FB12-BD1B-4110-AE6A-824A8887D521}.Debug|Any CPU.ActiveCfg = Debug|Any CPU
		{4E58FB12-BD1B-4110-AE6A-824A8887D521}.Debug|Any CPU.Build.0 = Debug|Any CPU
		{4E58FB12-BD1B-4110-AE6A-824A8887D521}.Release|Any CPU.ActiveCfg = Release|Any CPU
		{4E58FB12-BD1B-4110-AE6A-824A8887D521}.Release|Any CPU.Build.0 = Release|Any CPU
		{0332302F-FFD6-46F7-AFB4-6A158CBE84CE}.Debug|Any CPU.ActiveCfg = Debug|Any CPU
		{0332302F-FFD6-46F7-AFB4-6A158CBE84CE}.Debug|Any CPU.Build.0 = Debug|Any CPU
		{0332302F-FFD6-46F7-AFB4-6A158CBE84CE}.Release|Any CPU.ActiveCfg = Release|Any CPU
		{0332302F-FFD6-46F7-AFB4-6A158CBE84CE}.Release|Any CPU.Build.0 = Release|Any CPU
		{E6568EEA-69D9-4E84-8D6D-61B385963992}.Debug|Any CPU.ActiveCfg = Debug|Any CPU
		{E6568EEA-69D9-4E84-8D6D-61B385963992}.Debug|Any CPU.Build.0 = Debug|Any CPU
		{E6568EEA-69D9-4E84-8D6D-61B385963992}.Debug|Any CPU.Deploy.0 = Debug|Any CPU
		{E6568EEA-69D9-4E84-8D6D-61B385963992}.Release|Any CPU.ActiveCfg = Release|Any CPU
		{E6568EEA-69D9-4E84-8D6D-61B385963992}.Release|Any CPU.Build.0 = Release|Any CPU
		{E6568EEA-69D9-4E84-8D6D-61B385963992}.Release|Any CPU.Deploy.0 = Release|Any CPU
		{6C6DCE8E-75DD-49D8-9AA7-99C75D01B8F6}.Debug|Any CPU.ActiveCfg = Debug|Any CPU
		{6C6DCE8E-75DD-49D8-9AA7-99C75D01B8F6}.Debug|Any CPU.Build.0 = Debug|Any CPU
		{6C6DCE8E-75DD-49D8-9AA7-99C75D01B8F6}.Release|Any CPU.ActiveCfg = Release|Any CPU
		{6C6DCE8E-75DD-49D8-9AA7-99C75D01B8F6}.Release|Any CPU.Build.0 = Release|Any CPU
	EndGlobalSection
	GlobalSection(SolutionProperties) = preSolution
		HideSolutionNode = FALSE
	EndGlobalSection
	GlobalSection(ExtensibilityGlobals) = postSolution
		SolutionGuid = {6A21B3ED-3684-429D-9B45-6812877D0BF7}
	EndGlobalSection
EndGlobal
